
Microsoft Visual Studio Solution File, Format Version 12.00
# Visual Studio Version 17
VisualStudioVersion = 17.0.32014.148
MinimumVisualStudioVersion = 10.0.40219.1
Project("{9A19103F-16F7-4668-BE54-9A1E7A4F7556}") = "CBoardings.WebApp", "CBoardingsWebApp\CBoardings.WebApp.csproj", "{CF5E7AA1-77F0-410E-89A3-17D07D7C3519}"
EndProject
Project("{9A19103F-16F7-4668-BE54-9A1E7A4F7556}") = "CBoardings.Core", "CBoardings.Core\CBoardings.Core.csproj", "{2B8E9B69-37CE-424D-B514-FC2465759F03}"
EndProject

Project("{9A19103F-16F7-4668-BE54-9A1E7A4F7556}") = "CBoardings.API", "CBoardings.API\CBoardings.API.csproj", "{9597364C-75E9-40DF-8A69-B3C6F2BCA025}"
EndProject
Project("{9A19103F-16F7-4668-BE54-9A1E7A4F7556}") = "CBoardings.Data", "CBoarding.Data\CBoardings.Data.csproj", "{3CD7EF4C-F94E-4377-ABED-A5397B790232}"
EndProject
Project("{2150E333-8FDC-42A3-9474-1A3956D46DE8}") = "Solution Items", "Solution Items", "{5ECFE1E3-470A-4DF8-BA30-81C7EC9F1E4D}"
	ProjectSection(SolutionItems) = preProject
		Todo.txt = Todo.txt
	EndProjectSection

EndProject
Global
	GlobalSection(SolutionConfigurationPlatforms) = preSolution
		Debug|Any CPU = Debug|Any CPU
		Release|Any CPU = Release|Any CPU
	EndGlobalSection
	GlobalSection(ProjectConfigurationPlatforms) = postSolution
		{CF5E7AA1-77F0-410E-89A3-17D07D7C3519}.Debug|Any CPU.ActiveCfg = Debug|Any CPU
		{CF5E7AA1-77F0-410E-89A3-17D07D7C3519}.Debug|Any CPU.Build.0 = Debug|Any CPU
		{CF5E7AA1-77F0-410E-89A3-17D07D7C3519}.Release|Any CPU.ActiveCfg = Release|Any CPU
		{CF5E7AA1-77F0-410E-89A3-17D07D7C3519}.Release|Any CPU.Build.0 = Release|Any CPU
		{2B8E9B69-37CE-424D-B514-FC2465759F03}.Debug|Any CPU.ActiveCfg = Debug|Any CPU
		{2B8E9B69-37CE-424D-B514-FC2465759F03}.Debug|Any CPU.Build.0 = Debug|Any CPU
		{2B8E9B69-37CE-424D-B514-FC2465759F03}.Release|Any CPU.ActiveCfg = Release|Any CPU
		{2B8E9B69-37CE-424D-B514-FC2465759F03}.Release|Any CPU.Build.0 = Release|Any CPU
		{3CD7EF4C-F94E-4377-ABED-A5397B790232}.Debug|Any CPU.ActiveCfg = Debug|Any CPU
		{3CD7EF4C-F94E-4377-ABED-A5397B790232}.Debug|Any CPU.Build.0 = Debug|Any CPU
		{3CD7EF4C-F94E-4377-ABED-A5397B790232}.Release|Any CPU.ActiveCfg = Release|Any CPU
		{3CD7EF4C-F94E-4377-ABED-A5397B790232}.Release|Any CPU.Build.0 = Release|Any CPU
		{E382F6FB-6179-497D-A852-EFC4260E770C}.Debug|Any CPU.ActiveCfg = Debug|Any CPU
		{E382F6FB-6179-497D-A852-EFC4260E770C}.Debug|Any CPU.Build.0 = Debug|Any CPU
		{E382F6FB-6179-497D-A852-EFC4260E770C}.Release|Any CPU.ActiveCfg = Release|Any CPU
		{E382F6FB-6179-497D-A852-EFC4260E770C}.Release|Any CPU.Build.0 = Release|Any CPU
	EndGlobalSection
	GlobalSection(SolutionProperties) = preSolution
		HideSolutionNode = FALSE
	EndGlobalSection
	GlobalSection(ExtensibilityGlobals) = postSolution
		SolutionGuid = {CF555A81-1B38-497C-BB3A-77BA9C54F27C}
	EndGlobalSection
EndGlobal
